
Microsoft Visual Studio Solution File, Format Version 12.00
# Visual Studio Version 17
VisualStudioVersion = 17.8.34511.84
MinimumVisualStudioVersion = 10.0.40219.1
Project("{FAE04EC0-301F-11D3-BF4B-00C04F79EFBC}") = "API", "API\API.csproj", "{67A2B249-94AB-4D5A-ABDD-6E2A510B1551}"
EndProject
Project("{FAE04EC0-301F-11D3-BF4B-00C04F79EFBC}") = "Infrastructure", "Infrastructure\Infrastructure.csproj", "{552F296F-F68F-4D43-86DF-3E6DE7F85D3E}"
EndProject
Project("{FAE04EC0-301F-11D3-BF4B-00C04F79EFBC}") = "Application", "Application\Application.csproj", "{E3D0D5A5-A2DC-4B38-8BFC-7FBB63E33B15}"
EndProject
Project("{FAE04EC0-301F-11D3-BF4B-00C04F79EFBC}") = "Domain", "Domain\Domain.csproj", "{B6382FF5-16A9-40CF-8929-5DA544657D76}"
EndProject
Global
	GlobalSection(SolutionConfigurationPlatforms) = preSolution
		Debug|Any CPU = Debug|Any CPU
		Release|Any CPU = Release|Any CPU
	EndGlobalSection
	GlobalSection(ProjectConfigurationPlatforms) = postSolution
		{67A2B249-94AB-4D5A-ABDD-6E2A510B1551}.Debug|Any CPU.ActiveCfg = Debug|Any CPU
		{67A2B249-94AB-4D5A-ABDD-6E2A510B1551}.Debug|Any CPU.Build.0 = Debug|Any CPU
		{67A2B249-94AB-4D5A-ABDD-6E2A510B1551}.Release|Any CPU.ActiveCfg = Release|Any CPU
		{67A2B249-94AB-4D5A-ABDD-6E2A510B1551}.Release|Any CPU.Build.0 = Release|Any CPU
		{552F296F-F68F-4D43-86DF-3E6DE7F85D3E}.Debug|Any CPU.ActiveCfg = Debug|Any CPU
		{552F296F-F68F-4D43-86DF-3E6DE7F85D3E}.Debug|Any CPU.Build.0 = Debug|Any CPU
		{552F296F-F68F-4D43-86DF-3E6DE7F85D3E}.Release|Any CPU.ActiveCfg = Release|Any CPU
		{552F296F-F68F-4D43-86DF-3E6DE7F85D3E}.Release|Any CPU.Build.0 = Release|Any CPU
		{E3D0D5A5-A2DC-4B38-8BFC-7FBB63E33B15}.Debug|Any CPU.ActiveCfg = Debug|Any CPU
		{E3D0D5A5-A2DC-4B38-8BFC-7FBB63E33B15}.Debug|Any CPU.Build.0 = Debug|Any CPU
		{E3D0D5A5-A2DC-4B38-8BFC-7FBB63E33B15}.Release|Any CPU.ActiveCfg = Release|Any CPU
		{E3D0D5A5-A2DC-4B38-8BFC-7FBB63E33B15}.Release|Any CPU.Build.0 = Release|Any CPU
		{B6382FF5-16A9-40CF-8929-5DA544657D76}.Debug|Any CPU.ActiveCfg = Debug|Any CPU
		{B6382FF5-16A9-40CF-8929-5DA544657D76}.Debug|Any CPU.Build.0 = Debug|Any CPU
		{B6382FF5-16A9-40CF-8929-5DA544657D76}.Release|Any CPU.ActiveCfg = Release|Any CPU
		{B6382FF5-16A9-40CF-8929-5DA544657D76}.Release|Any CPU.Build.0 = Release|Any CPU
	EndGlobalSection
	GlobalSection(SolutionProperties) = preSolution
		HideSolutionNode = FALSE
	EndGlobalSection
	GlobalSection(ExtensibilityGlobals) = postSolution
		SolutionGuid = {A3972CB8-F441-4069-AB7B-463B0FA343F8}
	EndGlobalSection
EndGlobal
